
Microsoft Visual Studio Solution File, Format Version 12.00
# Visual Studio 15
Project("{FAE04EC0-301F-11D3-BF4B-00C04F79EFBC}") = "IL6", "IL6.csproj", "{08312DAD-5C51-FDB2-6B86-35C9FB75533E}"
EndProject
Project("{FAE04EC0-301F-11D3-BF4B-00C04F79EFBC}") = "Assembly-CSharp-Editor", "Assembly-CSharp-Editor.csproj", "{6808979D-6970-7E7B-009B-B86FB2DD2A19}"
EndProject
Global
	GlobalSection(SolutionConfigurationPlatforms) = preSolution
		Debug|Any CPU = Debug|Any CPU
		Release|Any CPU = Release|Any CPU
	EndGlobalSection
	GlobalSection(ProjectConfigurationPlatforms) = postSolution
		{08312DAD-5C51-FDB2-6B86-35C9FB75533E}.Debug|Any CPU.ActiveCfg = Debug|Any CPU
		{08312DAD-5C51-FDB2-6B86-35C9FB75533E}.Debug|Any CPU.Build.0 = Debug|Any CPU
		{08312DAD-5C51-FDB2-6B86-35C9FB75533E}.Release|Any CPU.ActiveCfg = Release|Any CPU
		{08312DAD-5C51-FDB2-6B86-35C9FB75533E}.Release|Any CPU.Build.0 = Release|Any CPU
		{6808979D-6970-7E7B-009B-B86FB2DD2A19}.Debug|Any CPU.ActiveCfg = Debug|Any CPU
		{6808979D-6970-7E7B-009B-B86FB2DD2A19}.Debug|Any CPU.Build.0 = Debug|Any CPU
		{6808979D-6970-7E7B-009B-B86FB2DD2A19}.Release|Any CPU.ActiveCfg = Release|Any CPU
		{6808979D-6970-7E7B-009B-B86FB2DD2A19}.Release|Any CPU.Build.0 = Release|Any CPU
	EndGlobalSection
	GlobalSection(SolutionProperties) = preSolution
		HideSolutionNode = FALSE
	EndGlobalSection
EndGlobal
